
Microsoft Visual Studio Solution File, Format Version 12.00
Project("{FAE04EC0-301F-11D3-BF4B-00C04F79EFBC}") = "DesignPattern_SimpleFactory", "DesignPattern_SimpleFactory\DesignPattern_SimpleFactory.csproj", "{88DC3CC3-FF87-4E91-8621-685CB5DCEE40}"
EndProject
Project("{FAE04EC0-301F-11D3-BF4B-00C04F79EFBC}") = "DesignPattern_Strategy", "DesignPattern_Strategy\DesignPattern_Strategy.csproj", "{13F91695-BC05-4E86-8BE6-30BA2D0FB37C}"
EndProject
Project("{FAE04EC0-301F-11D3-BF4B-00C04F79EFBC}") = "DesignPattern_Decorator", "DesignPattern_Decorator\DesignPattern_Decorator.csproj", "{EEA5BAF9-02BC-40BF-92D6-325BDF64BB0E}"
EndProject
Global
	GlobalSection(SolutionConfigurationPlatforms) = preSolution
		Debug|Any CPU = Debug|Any CPU
		Release|Any CPU = Release|Any CPU
	EndGlobalSection
	GlobalSection(ProjectConfigurationPlatforms) = postSolution
		{88DC3CC3-FF87-4E91-8621-685CB5DCEE40}.Debug|Any CPU.ActiveCfg = Debug|Any CPU
		{88DC3CC3-FF87-4E91-8621-685CB5DCEE40}.Debug|Any CPU.Build.0 = Debug|Any CPU
		{88DC3CC3-FF87-4E91-8621-685CB5DCEE40}.Release|Any CPU.ActiveCfg = Release|Any CPU
		{88DC3CC3-FF87-4E91-8621-685CB5DCEE40}.Release|Any CPU.Build.0 = Release|Any CPU
		{13F91695-BC05-4E86-8BE6-30BA2D0FB37C}.Debug|Any CPU.ActiveCfg = Debug|Any CPU
		{13F91695-BC05-4E86-8BE6-30BA2D0FB37C}.Debug|Any CPU.Build.0 = Debug|Any CPU
		{13F91695-BC05-4E86-8BE6-30BA2D0FB37C}.Release|Any CPU.ActiveCfg = Release|Any CPU
		{13F91695-BC05-4E86-8BE6-30BA2D0FB37C}.Release|Any CPU.Build.0 = Release|Any CPU
		{EEA5BAF9-02BC-40BF-92D6-325BDF64BB0E}.Debug|Any CPU.ActiveCfg = Debug|Any CPU
		{EEA5BAF9-02BC-40BF-92D6-325BDF64BB0E}.Debug|Any CPU.Build.0 = Debug|Any CPU
		{EEA5BAF9-02BC-40BF-92D6-325BDF64BB0E}.Release|Any CPU.ActiveCfg = Release|Any CPU
		{EEA5BAF9-02BC-40BF-92D6-325BDF64BB0E}.Release|Any CPU.Build.0 = Release|Any CPU
	EndGlobalSection
EndGlobal
